
Microsoft Visual Studio Solution File, Format Version 12.00
# Visual Studio Version 17
VisualStudioVersion = 17.0.31903.59
MinimumVisualStudioVersion = 10.0.40219.1
Project("{FAE04EC0-301F-11D3-BF4B-00C04F79EFBC}") = "ExercIII", "ExercIII\ExercIII.csproj", "{0308AF5A-F097-428C-B436-D300436177DA}"
EndProject
Project("{FAE04EC0-301F-11D3-BF4B-00C04F79EFBC}") = "ExercIV", "ExercIV\ExercIV.csproj", "{22DC393F-A51C-44B6-A399-571C5045E75C}"
EndProject
Project("{FAE04EC0-301F-11D3-BF4B-00C04F79EFBC}") = "ExercV", "ExercV\ExercV.csproj", "{CFFBB89A-7823-4AD2-BE50-5949270A19CF}"
EndProject
Global
	GlobalSection(SolutionConfigurationPlatforms) = preSolution
		Debug|Any CPU = Debug|Any CPU
		Release|Any CPU = Release|Any CPU
	EndGlobalSection
	GlobalSection(SolutionProperties) = preSolution
		HideSolutionNode = FALSE
	EndGlobalSection
	GlobalSection(ProjectConfigurationPlatforms) = postSolution
		{0308AF5A-F097-428C-B436-D300436177DA}.Debug|Any CPU.ActiveCfg = Debug|Any CPU
		{0308AF5A-F097-428C-B436-D300436177DA}.Debug|Any CPU.Build.0 = Debug|Any CPU
		{0308AF5A-F097-428C-B436-D300436177DA}.Release|Any CPU.ActiveCfg = Release|Any CPU
		{0308AF5A-F097-428C-B436-D300436177DA}.Release|Any CPU.Build.0 = Release|Any CPU
		{22DC393F-A51C-44B6-A399-571C5045E75C}.Debug|Any CPU.ActiveCfg = Debug|Any CPU
		{22DC393F-A51C-44B6-A399-571C5045E75C}.Debug|Any CPU.Build.0 = Debug|Any CPU
		{22DC393F-A51C-44B6-A399-571C5045E75C}.Release|Any CPU.ActiveCfg = Release|Any CPU
		{22DC393F-A51C-44B6-A399-571C5045E75C}.Release|Any CPU.Build.0 = Release|Any CPU
		{CFFBB89A-7823-4AD2-BE50-5949270A19CF}.Debug|Any CPU.ActiveCfg = Debug|Any CPU
		{CFFBB89A-7823-4AD2-BE50-5949270A19CF}.Debug|Any CPU.Build.0 = Debug|Any CPU
		{CFFBB89A-7823-4AD2-BE50-5949270A19CF}.Release|Any CPU.ActiveCfg = Release|Any CPU
		{CFFBB89A-7823-4AD2-BE50-5949270A19CF}.Release|Any CPU.Build.0 = Release|Any CPU
	EndGlobalSection
EndGlobal
